// !$*UTF8*$!
{
	archiveVersion = 1;
	classes = {
	};
	objectVersion = 50;
	objects = {

/* Begin PBXBuildFile section */
		5A02C2922121AACF00823A88 /* AppDelegate.swift in Sources */ = {isa = PBXBuildFile; fileRef = 5A02C2912121AACF00823A88 /* AppDelegate.swift */; };
		5A02C2942121AACF00823A88 /* TimelineViewController.swift in Sources */ = {isa = PBXBuildFile; fileRef = 5A02C2932121AACF00823A88 /* TimelineViewController.swift */; };
		5A02C2992121AAD000823A88 /* Assets.xcassets in Resources */ = {isa = PBXBuildFile; fileRef = 5A02C2982121AAD000823A88 /* Assets.xcassets */; };
		5A0EDFE12121E42700DEBFDB /* TimelineViewController.xib in Resources */ = {isa = PBXBuildFile; fileRef = 5A0EDFE02121E42700DEBFDB /* TimelineViewController.xib */; };
		5A0EDFE42121E7C000DEBFDB /* R.generated.swift in Sources */ = {isa = PBXBuildFile; fileRef = 5A0EDFE32121E7C000DEBFDB /* R.generated.swift */; };
		5A4D53B92121C5B800A925ED /* TimelineViewModel.swift in Sources */ = {isa = PBXBuildFile; fileRef = 5A4D53B82121C5B800A925ED /* TimelineViewModel.swift */; };
		5A4D53BB2121C5E000A925ED /* Article.swift in Sources */ = {isa = PBXBuildFile; fileRef = 5A4D53BA2121C5E000A925ED /* Article.swift */; };
		5A4D53BD2121C60A00A925ED /* ArticleCollectionCell.swift in Sources */ = {isa = PBXBuildFile; fileRef = 5A4D53BC2121C60A00A925ED /* ArticleCollectionCell.swift */; };
		5A4D53BF2121C62800A925ED /* ArticleCollectionCell.xib in Resources */ = {isa = PBXBuildFile; fileRef = 5A4D53BE2121C62800A925ED /* ArticleCollectionCell.xib */; };
		5A9EF1652122BAD300343DF8 /* ArticleDetailViewController.swift in Sources */ = {isa = PBXBuildFile; fileRef = 5A9EF1642122BAD300343DF8 /* ArticleDetailViewController.swift */; };
		5A9EF1672122BB3200343DF8 /* ArticleDetailViewController.xib in Resources */ = {isa = PBXBuildFile; fileRef = 5A9EF1662122BB3200343DF8 /* ArticleDetailViewController.xib */; };
		DF0284BFCFA27B5BD0E602AD /* Pods_RxCollectionViewSample.framework in Frameworks */ = {isa = PBXBuildFile; fileRef = 022927451BDA03BCE716E2F8 /* Pods_RxCollectionViewSample.framework */; };
/* End PBXBuildFile section */

/* Begin PBXFileReference section */
		022927451BDA03BCE716E2F8 /* Pods_RxCollectionViewSample.framework */ = {isa = PBXFileReference; explicitFileType = wrapper.framework; includeInIndex = 0; path = Pods_RxCollectionViewSample.framework; sourceTree = BUILT_PRODUCTS_DIR; };
		2D2894DE0B9AAB27ADA508C8 /* Pods-RxCollectionViewSample.debug.xcconfig */ = {isa = PBXFileReference; includeInIndex = 1; lastKnownFileType = text.xcconfig; name = "Pods-RxCollectionViewSample.debug.xcconfig"; path = "Pods/Target Support Files/Pods-RxCollectionViewSample/Pods-RxCollectionViewSample.debug.xcconfig"; sourceTree = "<group>"; };
		5A02C28E2121AACF00823A88 /* RxCollectionViewSample.app */ = {isa = PBXFileReference; explicitFileType = wrapper.application; includeInIndex = 0; path = RxCollectionViewSample.app; sourceTree = BUILT_PRODUCTS_DIR; };
		5A02C2912121AACF00823A88 /* AppDelegate.swift */ = {isa = PBXFileReference; lastKnownFileType = sourcecode.swift; path = AppDelegate.swift; sourceTree = "<group>"; };
		5A02C2932121AACF00823A88 /* TimelineViewController.swift */ = {isa = PBXFileReference; lastKnownFileType = sourcecode.swift; path = TimelineViewController.swift; sourceTree = "<group>"; };
		5A02C2982121AAD000823A88 /* Assets.xcassets */ = {isa = PBXFileReference; lastKnownFileType = folder.assetcatalog; path = Assets.xcassets; sourceTree = "<group>"; };
		5A02C29D2121AAD000823A88 /* Info.plist */ = {isa = PBXFileReference; lastKnownFileType = text.plist.xml; path = Info.plist; sourceTree = "<group>"; };
		5A0EDFE02121E42700DEBFDB /* TimelineViewController.xib */ = {isa = PBXFileReference; lastKnownFileType = file.xib; path = TimelineViewController.xib; sourceTree = "<group>"; };
		5A0EDFE32121E7C000DEBFDB /* R.generated.swift */ = {isa = PBXFileReference; fileEncoding = 4; lastKnownFileType = sourcecode.swift; name = R.generated.swift; path = RxCollectionViewSample/source/R.generated.swift; sourceTree = SOURCE_ROOT; };
		5A4D53B82121C5B800A925ED /* TimelineViewModel.swift */ = {isa = PBXFileReference; lastKnownFileType = sourcecode.swift; path = TimelineViewModel.swift; sourceTree = "<group>"; };
		5A4D53BA2121C5E000A925ED /* Article.swift */ = {isa = PBXFileReference; lastKnownFileType = sourcecode.swift; path = Article.swift; sourceTree = "<group>"; };
		5A4D53BC2121C60A00A925ED /* ArticleCollectionCell.swift */ = {isa = PBXFileReference; lastKnownFileType = sourcecode.swift; path = ArticleCollectionCell.swift; sourceTree = "<group>"; };
		5A4D53BE2121C62800A925ED /* ArticleCollectionCell.xib */ = {isa = PBXFileReference; lastKnownFileType = file.xib; path = ArticleCollectionCell.xib; sourceTree = "<group>"; };
		5A9EF1642122BAD300343DF8 /* ArticleDetailViewController.swift */ = {isa = PBXFileReference; lastKnownFileType = sourcecode.swift; path = ArticleDetailViewController.swift; sourceTree = "<group>"; };
		5A9EF1662122BB3200343DF8 /* ArticleDetailViewController.xib */ = {isa = PBXFileReference; lastKnownFileType = file.xib; path = ArticleDetailViewController.xib; sourceTree = "<group>"; };
		C0F8D2A3F37A0469A2AB6696 /* Pods-RxCollectionViewSample.release.xcconfig */ = {isa = PBXFileReference; includeInIndex = 1; lastKnownFileType = text.xcconfig; name = "Pods-RxCollectionViewSample.release.xcconfig"; path = "Pods/Target Support Files/Pods-RxCollectionViewSample/Pods-RxCollectionViewSample.release.xcconfig"; sourceTree = "<group>"; };
/* End PBXFileReference section */

/* Begin PBXFrameworksBuildPhase section */
		5A02C28B2121AACF00823A88 /* Frameworks */ = {
			isa = PBXFrameworksBuildPhase;
			buildActionMask = 2147483647;
			files = (
				DF0284BFCFA27B5BD0E602AD /* Pods_RxCollectionViewSample.framework in Frameworks */,
			);
			runOnlyForDeploymentPostprocessing = 0;
		};
/* End PBXFrameworksBuildPhase section */

/* Begin PBXGroup section */
		2FF88718A01D90FE4AD866AC /* Pods */ = {
			isa = PBXGroup;
			children = (
				2D2894DE0B9AAB27ADA508C8 /* Pods-RxCollectionViewSample.debug.xcconfig */,
				C0F8D2A3F37A0469A2AB6696 /* Pods-RxCollectionViewSample.release.xcconfig */,
			);
			name = Pods;
			sourceTree = "<group>";
		};
		5A02C2852121AACF00823A88 = {
			isa = PBXGroup;
			children = (
				5A02C2902121AACF00823A88 /* RxCollectionViewSample */,
				5A02C28F2121AACF00823A88 /* Products */,
				2FF88718A01D90FE4AD866AC /* Pods */,
				5DCA4717F20A7924277A223A /* Frameworks */,
			);
			sourceTree = "<group>";
		};
		5A02C28F2121AACF00823A88 /* Products */ = {
			isa = PBXGroup;
			children = (
				5A02C28E2121AACF00823A88 /* RxCollectionViewSample.app */,
			);
			name = Products;
			sourceTree = "<group>";
		};
		5A02C2902121AACF00823A88 /* RxCollectionViewSample */ = {
			isa = PBXGroup;
			children = (
				5A02C29D2121AAD000823A88 /* Info.plist */,
				5A9EF1692122CA0700343DF8 /* source */,
				5A9EF1682122C9FC00343DF8 /* resource */,
			);
			path = RxCollectionViewSample;
			sourceTree = "<group>";
		};
		5A9EF1682122C9FC00343DF8 /* resource */ = {
			isa = PBXGroup;
			children = (
				5A9EF1662122BB3200343DF8 /* ArticleDetailViewController.xib */,
				5A4D53BE2121C62800A925ED /* ArticleCollectionCell.xib */,
				5A0EDFE02121E42700DEBFDB /* TimelineViewController.xib */,
				5A02C2982121AAD000823A88 /* Assets.xcassets */,
			);
			path = resource;
			sourceTree = "<group>";
		};
		5A9EF1692122CA0700343DF8 /* source */ = {
			isa = PBXGroup;
			children = (
				5A02C2912121AACF00823A88 /* AppDelegate.swift */,
				5A4D53BA2121C5E000A925ED /* Article.swift */,
				5A02C2932121AACF00823A88 /* TimelineViewController.swift */,
				5A4D53B82121C5B800A925ED /* TimelineViewModel.swift */,
				5A9EF1642122BAD300343DF8 /* ArticleDetailViewController.swift */,
				5A4D53BC2121C60A00A925ED /* ArticleCollectionCell.swift */,
				5A0EDFE32121E7C000DEBFDB /* R.generated.swift */,
			);
			path = source;
			sourceTree = "<group>";
		};
		5DCA4717F20A7924277A223A /* Frameworks */ = {
			isa = PBXGroup;
			children = (
				022927451BDA03BCE716E2F8 /* Pods_RxCollectionViewSample.framework */,
			);
			name = Frameworks;
			sourceTree = "<group>";
		};
/* End PBXGroup section */

/* Begin PBXNativeTarget section */
		5A02C28D2121AACF00823A88 /* RxCollectionViewSample */ = {
			isa = PBXNativeTarget;
			buildConfigurationList = 5A02C2A02121AAD000823A88 /* Build configuration list for PBXNativeTarget "RxCollectionViewSample" */;
			buildPhases = (
				61F2CD985D31FF30CE843637 /* [CP] Check Pods Manifest.lock */,
				5A0EDFE22121E77A00DEBFDB /* ShellScript */,
				5A02C28A2121AACF00823A88 /* Sources */,
				5A02C28B2121AACF00823A88 /* Frameworks */,
				5A02C28C2121AACF00823A88 /* Resources */,
				5114A3C9CBE305AD00CD1725 /* [CP] Embed Pods Frameworks */,
			);
			buildRules = (
			);
			dependencies = (
			);
			name = RxCollectionViewSample;
			productName = RxCollectionViewSample;
			productReference = 5A02C28E2121AACF00823A88 /* RxCollectionViewSample.app */;
			productType = "com.apple.product-type.application";
		};
/* End PBXNativeTarget section */

/* Begin PBXProject section */
		5A02C2862121AACF00823A88 /* Project object */ = {
			isa = PBXProject;
			attributes = {
				KnownAssetTags = (
					ArticleCollectionCell,
				);
				LastSwiftUpdateCheck = 0940;
				LastUpgradeCheck = 0940;
				ORGANIZATIONNAME = k0uhashi;
				TargetAttributes = {
					5A02C28D2121AACF00823A88 = {
						CreatedOnToolsVersion = 9.4;
					};
				};
			};
			buildConfigurationList = 5A02C2892121AACF00823A88 /* Build configuration list for PBXProject "RxCollectionViewSample" */;
			compatibilityVersion = "Xcode 9.3";
			developmentRegion = en;
			hasScannedForEncodings = 0;
			knownRegions = (
				en,
				Base,
			);
			mainGroup = 5A02C2852121AACF00823A88;
			productRefGroup = 5A02C28F2121AACF00823A88 /* Products */;
			projectDirPath = "";
			projectRoot = "";
			targets = (
				5A02C28D2121AACF00823A88 /* RxCollectionViewSample */,
			);
		};
/* End PBXProject section */

/* Begin PBXResourcesBuildPhase section */
		5A02C28C2121AACF00823A88 /* Resources */ = {
			isa = PBXResourcesBuildPhase;
			buildActionMask = 2147483647;
			files = (
				5A0EDFE12121E42700DEBFDB /* TimelineViewController.xib in Resources */,
				5A02C2992121AAD000823A88 /* Assets.xcassets in Resources */,
				5A9EF1672122BB3200343DF8 /* ArticleDetailViewController.xib in Resources */,
				5A4D53BF2121C62800A925ED /* ArticleCollectionCell.xib in Resources */,
			);
			runOnlyForDeploymentPostprocessing = 0;
		};
/* End PBXResourcesBuildPhase section */

/* Begin PBXShellScriptBuildPhase section */
		5114A3C9CBE305AD00CD1725 /* [CP] Embed Pods Frameworks */ = {
			isa = PBXShellScriptBuildPhase;
			buildActionMask = 2147483647;
			files = (
			);
			inputPaths = (
				"${SRCROOT}/Pods/Target Support Files/Pods-RxCollectionViewSample/Pods-RxCollectionViewSample-frameworks.sh",
				"${BUILT_PRODUCTS_DIR}/Differentiator/Differentiator.framework",
				"${BUILT_PRODUCTS_DIR}/R.swift.Library/Rswift.framework",
				"${BUILT_PRODUCTS_DIR}/RxCocoa/RxCocoa.framework",
				"${BUILT_PRODUCTS_DIR}/RxDataSources/RxDataSources.framework",
				"${BUILT_PRODUCTS_DIR}/RxSwift/RxSwift.framework",
			);
			name = "[CP] Embed Pods Frameworks";
			outputPaths = (
				"${TARGET_BUILD_DIR}/${FRAMEWORKS_FOLDER_PATH}/Differentiator.framework",
				"${TARGET_BUILD_DIR}/${FRAMEWORKS_FOLDER_PATH}/Rswift.framework",
				"${TARGET_BUILD_DIR}/${FRAMEWORKS_FOLDER_PATH}/RxCocoa.framework",
				"${TARGET_BUILD_DIR}/${FRAMEWORKS_FOLDER_PATH}/RxDataSources.framework",
				"${TARGET_BUILD_DIR}/${FRAMEWORKS_FOLDER_PATH}/RxSwift.framework",
			);
			runOnlyForDeploymentPostprocessing = 0;
			shellPath = /bin/sh;
			shellScript = "\"${SRCROOT}/Pods/Target Support Files/Pods-RxCollectionViewSample/Pods-RxCollectionViewSample-frameworks.sh\"\n";
			showEnvVarsInLog = 0;
		};
		5A0EDFE22121E77A00DEBFDB /* ShellScript */ = {
			isa = PBXShellScriptBuildPhase;
			buildActionMask = 2147483647;
			files = (
			);
			inputPaths = (
			);
			outputPaths = (
			);
			runOnlyForDeploymentPostprocessing = 0;
			shellPath = /bin/sh;
			shellScript = "\"$PODS_ROOT/R.swift/rswift\" generate \"$SRCROOT\"";
		};
		61F2CD985D31FF30CE843637 /* [CP] Check Pods Manifest.lock */ = {
			isa = PBXShellScriptBuildPhase;
			buildActionMask = 2147483647;
			files = (
			);
			inputPaths = (
				"${PODS_PODFILE_DIR_PATH}/Podfile.lock",
				"${PODS_ROOT}/Manifest.lock",
			);
			name = "[CP] Check Pods Manifest.lock";
			outputPaths = (
				"$(DERIVED_FILE_DIR)/Pods-RxCollectionViewSample-checkManifestLockResult.txt",
			);
			runOnlyForDeploymentPostprocessing = 0;
			shellPath = /bin/sh;
			shellScript = "diff \"${PODS_PODFILE_DIR_PATH}/Podfile.lock\" \"${PODS_ROOT}/Manifest.lock\" > /dev/null\nif [ $? != 0 ] ; then\n    # print error to STDERR\n    echo \"error: The sandbox is not in sync with the Podfile.lock. Run 'pod install' or update your CocoaPods installation.\" >&2\n    exit 1\nfi\n# This output is used by Xcode 'outputs' to avoid re-running this script phase.\necho \"SUCCESS\" > \"${SCRIPT_OUTPUT_FILE_0}\"\n";
			showEnvVarsInLog = 0;
		};
/* End PBXShellScriptBuildPhase section */

/* Begin PBXSourcesBuildPhase section */
		5A02C28A2121AACF00823A88 /* Sources */ = {
			isa = PBXSourcesBuildPhase;
			buildActionMask = 2147483647;
			files = (
				5A4D53BB2121C5E000A925ED /* Article.swift in Sources */,
				5A02C2942121AACF00823A88 /* TimelineViewController.swift in Sources */,
				5A4D53BD2121C60A00A925ED /* ArticleCollectionCell.swift in Sources */,
				5A9EF1652122BAD300343DF8 /* ArticleDetailViewController.swift in Sources */,
				5A4D53B92121C5B800A925ED /* TimelineViewModel.swift in Sources */,
				5A02C2922121AACF00823A88 /* AppDelegate.swift in Sources */,
				5A0EDFE42121E7C000DEBFDB /* R.generated.swift in Sources */,
			);
			runOnlyForDeploymentPostprocessing = 0;
		};
/* End PBXSourcesBuildPhase section */

/* Begin XCBuildConfiguration section */
		5A02C29E2121AAD000823A88 /* Debug */ = {
			isa = XCBuildConfiguration;
			buildSettings = {
				ALWAYS_SEARCH_USER_PATHS = NO;
				CLANG_ANALYZER_NONNULL = YES;
				CLANG_ANALYZER_NUMBER_OBJECT_CONVERSION = YES_AGGRESSIVE;
				CLANG_CXX_LANGUAGE_STANDARD = "gnu++14";
				CLANG_CXX_LIBRARY = "libc++";
				CLANG_ENABLE_MODULES = YES;
				CLANG_ENABLE_OBJC_ARC = YES;
				CLANG_ENABLE_OBJC_WEAK = YES;
				CLANG_WARN_BLOCK_CAPTURE_AUTORELEASING = YES;
				CLANG_WARN_BOOL_CONVERSION = YES;
				CLANG_WARN_COMMA = YES;
				CLANG_WARN_CONSTANT_CONVERSION = YES;
				CLANG_WARN_DEPRECATED_OBJC_IMPLEMENTATIONS = YES;
				CLANG_WARN_DIRECT_OBJC_ISA_USAGE = YES_ERROR;
				CLANG_WARN_DOCUMENTATION_COMMENTS = YES;
				CLANG_WARN_EMPTY_BODY = YES;
				CLANG_WARN_ENUM_CONVERSION = YES;
				CLANG_WARN_INFINITE_RECURSION = YES;
				CLANG_WARN_INT_CONVERSION = YES;
				CLANG_WARN_NON_LITERAL_NULL_CONVERSION = YES;
				CLANG_WARN_OBJC_IMPLICIT_RETAIN_SELF = YES;
				CLANG_WARN_OBJC_LITERAL_CONVERSION = YES;
				CLANG_WARN_OBJC_ROOT_CLASS = YES_ERROR;
				CLANG_WARN_RANGE_LOOP_ANALYSIS = YES;
				CLANG_WARN_STRICT_PROTOTYPES = YES;
				CLANG_WARN_SUSPICIOUS_MOVE = YES;
				CLANG_WARN_UNGUARDED_AVAILABILITY = YES_AGGRESSIVE;
				CLANG_WARN_UNREACHABLE_CODE = YES;
				CLANG_WARN__DUPLICATE_METHOD_MATCH = YES;
				CODE_SIGN_IDENTITY = "iPhone Developer";
				COPY_PHASE_STRIP = NO;
				DEBUG_INFORMATION_FORMAT = dwarf;
				ENABLE_STRICT_OBJC_MSGSEND = YES;
				ENABLE_TESTABILITY = YES;
				GCC_C_LANGUAGE_STANDARD = gnu11;
				GCC_DYNAMIC_NO_PIC = NO;
				GCC_NO_COMMON_BLOCKS = YES;
				GCC_OPTIMIZATION_LEVEL = 0;
				GCC_PREPROCESSOR_DEFINITIONS = (
					"DEBUG=1",
					"$(inherited)",
				);
				GCC_WARN_64_TO_32_BIT_CONVERSION = YES;
				GCC_WARN_ABOUT_RETURN_TYPE = YES_ERROR;
				GCC_WARN_UNDECLARED_SELECTOR = YES;
				GCC_WARN_UNINITIALIZED_AUTOS = YES_AGGRESSIVE;
				GCC_WARN_UNUSED_FUNCTION = YES;
				GCC_WARN_UNUSED_VARIABLE = YES;
				IPHONEOS_DEPLOYMENT_TARGET = 11.4;
				MTL_ENABLE_DEBUG_INFO = YES;
				ONLY_ACTIVE_ARCH = YES;
				SDKROOT = iphoneos;
				SWIFT_ACTIVE_COMPILATION_CONDITIONS = DEBUG;
				SWIFT_OPTIMIZATION_LEVEL = "-Onone";
			};
			name = Debug;
		};
		5A02C29F2121AAD000823A88 /* Release */ = {
			isa = XCBuildConfiguration;
			buildSettings = {
				ALWAYS_SEARCH_USER_PATHS = NO;
				CLANG_ANALYZER_NONNULL = YES;
				CLANG_ANALYZER_NUMBER_OBJECT_CONVERSION = YES_AGGRESSIVE;
				CLANG_CXX_LANGUAGE_STANDARD = "gnu++14";
				CLANG_CXX_LIBRARY = "libc++";
				CLANG_ENABLE_MODULES = YES;
				CLANG_ENABLE_OBJC_ARC = YES;
				CLANG_ENABLE_OBJC_WEAK = YES;
				CLANG_WARN_BLOCK_CAPTURE_AUTORELEASING = YES;
				CLANG_WARN_BOOL_CONVERSION = YES;
				CLANG_WARN_COMMA = YES;
				CLANG_WARN_CONSTANT_CONVERSION = YES;
				CLANG_WARN_DEPRECATED_OBJC_IMPLEMENTATIONS = YES;
				CLANG_WARN_DIRECT_OBJC_ISA_USAGE = YES_ERROR;
				CLANG_WARN_DOCUMENTATION_COMMENTS = YES;
				CLANG_WARN_EMPTY_BODY = YES;
				CLANG_WARN_ENUM_CONVERSION = YES;
				CLANG_WARN_INFINITE_RECURSION = YES;
				CLANG_WARN_INT_CONVERSION = YES;
				CLANG_WARN_NON_LITERAL_NULL_CONVERSION = YES;
				CLANG_WARN_OBJC_IMPLICIT_RETAIN_SELF = YES;
				CLANG_WARN_OBJC_LITERAL_CONVERSION = YES;
				CLANG_WARN_OBJC_ROOT_CLASS = YES_ERROR;
				CLANG_WARN_RANGE_LOOP_ANALYSIS = YES;
				CLANG_WARN_STRICT_PROTOTYPES = YES;
				CLANG_WARN_SUSPICIOUS_MOVE = YES;
				CLANG_WARN_UNGUARDED_AVAILABILITY = YES_AGGRESSIVE;
				CLANG_WARN_UNREACHABLE_CODE = YES;
				CLANG_WARN__DUPLICATE_METHOD_MATCH = YES;
				CODE_SIGN_IDENTITY = "iPhone Developer";
				COPY_PHASE_STRIP = NO;
				DEBUG_INFORMATION_FORMAT = "dwarf-with-dsym";
				ENABLE_NS_ASSERTIONS = NO;
				ENABLE_STRICT_OBJC_MSGSEND = YES;
				GCC_C_LANGUAGE_STANDARD = gnu11;
				GCC_NO_COMMON_BLOCKS = YES;
				GCC_WARN_64_TO_32_BIT_CONVERSION = YES;
				GCC_WARN_ABOUT_RETURN_TYPE = YES_ERROR;
				GCC_WARN_UNDECLARED_SELECTOR = YES;
				GCC_WARN_UNINITIALIZED_AUTOS = YES_AGGRESSIVE;
				GCC_WARN_UNUSED_FUNCTION = YES;
				GCC_WARN_UNUSED_VARIABLE = YES;
				IPHONEOS_DEPLOYMENT_TARGET = 11.4;
				MTL_ENABLE_DEBUG_INFO = NO;
				SDKROOT = iphoneos;
				SWIFT_COMPILATION_MODE = wholemodule;
				SWIFT_OPTIMIZATION_LEVEL = "-O";
				VALIDATE_PRODUCT = YES;
			};
			name = Release;
		};
		5A02C2A12121AAD000823A88 /* Debug */ = {
			isa = XCBuildConfiguration;
			baseConfigurationReference = 2D2894DE0B9AAB27ADA508C8 /* Pods-RxCollectionViewSample.debug.xcconfig */;
			buildSettings = {
				ASSETCATALOG_COMPILER_APPICON_NAME = AppIcon;
				CODE_SIGN_STYLE = Automatic;
				DEVELOPMENT_TEAM = 9PHSZKL64F;
				INFOPLIST_FILE = RxCollectionViewSample/Info.plist;
				LD_RUNPATH_SEARCH_PATHS = (
					"$(inherited)",
					"@executable_path/Frameworks",
				);
				PRODUCT_BUNDLE_IDENTIFIER = com.k0uhashi.RxCollectionViewSample;
				PRODUCT_NAME = "$(TARGET_NAME)";
				SWIFT_VERSION = 4.0;
				TARGETED_DEVICE_FAMILY = "1,2";
			};
			name = Debug;
		};
		5A02C2A22121AAD000823A88 /* Release */ = {
			isa = XCBuildConfiguration;
			baseConfigurationReference = C0F8D2A3F37A0469A2AB6696 /* Pods-RxCollectionViewSample.release.xcconfig */;
			buildSettings = {
				ASSETCATALOG_COMPILER_APPICON_NAME = AppIcon;
				CODE_SIGN_STYLE = Automatic;
				DEVELOPMENT_TEAM = 9PHSZKL64F;
				INFOPLIST_FILE = RxCollectionViewSample/Info.plist;
				LD_RUNPATH_SEARCH_PATHS = (
					"$(inherited)",
					"@executable_path/Frameworks",
				);
				PRODUCT_BUNDLE_IDENTIFIER = com.k0uhashi.RxCollectionViewSample;
				PRODUCT_NAME = "$(TARGET_NAME)";
				SWIFT_VERSION = 4.0;
				TARGETED_DEVICE_FAMILY = "1,2";
			};
			name = Release;
		};
/* End XCBuildConfiguration section */

/* Begin XCConfigurationList section */
		5A02C2892121AACF00823A88 /* Build configuration list for PBXProject "RxCollectionViewSample" */ = {
			isa = XCConfigurationList;
			buildConfigurations = (
				5A02C29E2121AAD000823A88 /* Debug */,
				5A02C29F2121AAD000823A88 /* Release */,
			);
			defaultConfigurationIsVisible = 0;
			defaultConfigurationName = Release;
		};
		5A02C2A02121AAD000823A88 /* Build configuration list for PBXNativeTarget "RxCollectionViewSample" */ = {
			isa = XCConfigurationList;
			buildConfigurations = (
				5A02C2A12121AAD000823A88 /* Debug */,
				5A02C2A22121AAD000823A88 /* Release */,
			);
			defaultConfigurationIsVisible = 0;
			defaultConfigurationName = Release;
		};
/* End XCConfigurationList section */
	};
	rootObject = 5A02C2862121AACF00823A88 /* Project object */;
}
